
Microsoft Visual Studio Solution File, Format Version 12.00
# Visual Studio Version 16
VisualStudioVersion = 16.0.30011.22
MinimumVisualStudioVersion = 10.0.40219.1
Project("{FAE04EC0-301F-11D3-BF4B-00C04F79EFBC}") = "bài th3+4", "bài th3+4.csproj", "{54F4CF12-5B8F-46D7-B533-5626C4C0FA57}"
EndProject
Global
	GlobalSection(SolutionConfigurationPlatforms) = preSolution
		Debug|Any CPU = Debug|Any CPU
		Release|Any CPU = Release|Any CPU
	EndGlobalSection
	GlobalSection(ProjectConfigurationPlatforms) = postSolution
		{54F4CF12-5B8F-46D7-B533-5626C4C0FA57}.Debug|Any CPU.ActiveCfg = Debug|Any CPU
		{54F4CF12-5B8F-46D7-B533-5626C4C0FA57}.Debug|Any CPU.Build.0 = Debug|Any CPU
		{54F4CF12-5B8F-46D7-B533-5626C4C0FA57}.Release|Any CPU.ActiveCfg = Release|Any CPU
		{54F4CF12-5B8F-46D7-B533-5626C4C0FA57}.Release|Any CPU.Build.0 = Release|Any CPU
	EndGlobalSection
	GlobalSection(SolutionProperties) = preSolution
		HideSolutionNode = FALSE
	EndGlobalSection
	GlobalSection(ExtensibilityGlobals) = postSolution
		SolutionGuid = {C4A619DD-8042-47D3-B647-1478FC3960A4}
	EndGlobalSection
EndGlobal
